
Microsoft Visual Studio Solution File, Format Version 12.00
# Visual Studio Version 16
VisualStudioVersion = 16.0.29503.13
MinimumVisualStudioVersion = 10.0.40219.1
Project("{FAE04EC0-301F-11D3-BF4B-00C04F79EFBC}") = "orderUp!", "orderUp!\orderUp!.csproj", "{7B035E6A-8228-4B3C-84C1-F2E585DD8441}"
EndProject
Global
	GlobalSection(SolutionConfigurationPlatforms) = preSolution
		Debug|Any CPU = Debug|Any CPU
		Release|Any CPU = Release|Any CPU
	EndGlobalSection
	GlobalSection(ProjectConfigurationPlatforms) = postSolution
		{7B035E6A-8228-4B3C-84C1-F2E585DD8441}.Debug|Any CPU.ActiveCfg = Debug|Any CPU
		{7B035E6A-8228-4B3C-84C1-F2E585DD8441}.Debug|Any CPU.Build.0 = Debug|Any CPU
		{7B035E6A-8228-4B3C-84C1-F2E585DD8441}.Release|Any CPU.ActiveCfg = Release|Any CPU
		{7B035E6A-8228-4B3C-84C1-F2E585DD8441}.Release|Any CPU.Build.0 = Release|Any CPU
	EndGlobalSection
	GlobalSection(SolutionProperties) = preSolution
		HideSolutionNode = FALSE
	EndGlobalSection
	GlobalSection(ExtensibilityGlobals) = postSolution
		SolutionGuid = {38C44937-3790-41D7-8044-EAE8A1C6036A}
	EndGlobalSection
EndGlobal
