
Microsoft Visual Studio Solution File, Format Version 12.00
# Visual Studio Version 16
VisualStudioVersion = 16.0.29503.13
MinimumVisualStudioVersion = 10.0.40219.1
Project("{8BC9CEB8-8B4A-11D0-8D11-00A0C91BC942}") = "ProblemSet1(prototype)", "ProblemSet1(prototype)\ProblemSet1(prototype).vcxproj", "{E4AC2A87-CCA1-4224-92FD-0292F08D9116}"
EndProject
Global
	GlobalSection(SolutionConfigurationPlatforms) = preSolution
		Debug|x64 = Debug|x64
		Debug|x86 = Debug|x86
		Release|x64 = Release|x64
		Release|x86 = Release|x86
	EndGlobalSection
	GlobalSection(ProjectConfigurationPlatforms) = postSolution
		{E4AC2A87-CCA1-4224-92FD-0292F08D9116}.Debug|x64.ActiveCfg = Debug|x64
		{E4AC2A87-CCA1-4224-92FD-0292F08D9116}.Debug|x64.Build.0 = Debug|x64
		{E4AC2A87-CCA1-4224-92FD-0292F08D9116}.Debug|x86.ActiveCfg = Debug|Win32
		{E4AC2A87-CCA1-4224-92FD-0292F08D9116}.Debug|x86.Build.0 = Debug|Win32
		{E4AC2A87-CCA1-4224-92FD-0292F08D9116}.Release|x64.ActiveCfg = Release|x64
		{E4AC2A87-CCA1-4224-92FD-0292F08D9116}.Release|x64.Build.0 = Release|x64
		{E4AC2A87-CCA1-4224-92FD-0292F08D9116}.Release|x86.ActiveCfg = Release|Win32
		{E4AC2A87-CCA1-4224-92FD-0292F08D9116}.Release|x86.Build.0 = Release|Win32
	EndGlobalSection
	GlobalSection(SolutionProperties) = preSolution
		HideSolutionNode = FALSE
	EndGlobalSection
	GlobalSection(ExtensibilityGlobals) = postSolution
		SolutionGuid = {41D22C1B-250D-466A-ABC2-49D5AE77EB93}
	EndGlobalSection
EndGlobal
